
Microsoft Visual Studio Solution File, Format Version 12.00
# Visual Studio 14
VisualStudioVersion = 14.0.25420.1
MinimumVisualStudioVersion = 10.0.40219.1
Project("{FAE04EC0-301F-11D3-BF4B-00C04F79EFBC}") = "P01WelcomeHTML", "P01WelcomeHTML\P01WelcomeHTML.csproj", "{C9E8661F-DEDF-48CC-854C-82FB098B169D}"
EndProject
Project("{FAE04EC0-301F-11D3-BF4B-00C04F79EFBC}") = "P02Headings", "P02Headings\P02Headings.csproj", "{672990F0-4A53-4FEA-8F74-A8001BB6A1B5}"
EndProject
Project("{FAE04EC0-301F-11D3-BF4B-00C04F79EFBC}") = "P03Paragraphs", "P03Paragraphs\P03Paragraphs.csproj", "{9B672D47-7241-45F0-BF5C-17D53AAA3D32}"
EndProject
Project("{FAE04EC0-301F-11D3-BF4B-00C04F79EFBC}") = "P04MyTODOList", "P04MyTODOList\P04MyTODOList.csproj", "{1C928F3B-755B-41C2-9A48-96937483580A}"
EndProject
Project("{FAE04EC0-301F-11D3-BF4B-00C04F79EFBC}") = "P05HelloHTML", "P05HelloHTML\P05HelloHTML.csproj", "{D87202C5-A28B-453C-BB99-F9649B355EE1}"
EndProject
Project("{FAE04EC0-301F-11D3-BF4B-00C04F79EFBC}") = "P06Website", "P06Website\P06Website.csproj", "{55BDA7D0-0642-4CAA-872F-B41DFD172BC5}"
EndProject
Project("{FAE04EC0-301F-11D3-BF4B-00C04F79EFBC}") = "P07Fruits", "P07Fruits\P07Fruits.csproj", "{C01F4F61-B306-4177-933F-50C52022401C}"
EndProject
Project("{FAE04EC0-301F-11D3-BF4B-00C04F79EFBC}") = "P08Forms", "P08Forms\P08Forms.csproj", "{4E0E69C5-55CE-4502-B004-FFC163C22085}"
EndProject
Project("{FAE04EC0-301F-11D3-BF4B-00C04F79EFBC}") = "P09Colors", "P09Colors\P09Colors.csproj", "{6547FE10-46A9-4A1A-AE06-3B2E48C77101}"
EndProject
Project("{FAE04EC0-301F-11D3-BF4B-00C04F79EFBC}") = "P10Borders", "P10Borders\P10Borders.csproj", "{C2C3C178-6A4E-427F-8821-F8A981BB7EB8}"
EndProject
Project("{FAE04EC0-301F-11D3-BF4B-00C04F79EFBC}") = "P11Rectangles", "P11Rectangles\P11Rectangles.csproj", "{B23CAB0F-979A-4598-BA15-9E9D9CF992AE}"
EndProject
Project("{FAE04EC0-301F-11D3-BF4B-00C04F79EFBC}") = "P12Languages", "P12Languages\P12Languages.csproj", "{6B08FE88-D908-4754-A7CC-C190ADE92910}"
EndProject
Project("{FAE04EC0-301F-11D3-BF4B-00C04F79EFBC}") = "P13ContactUsForm", "P13ContactUsForm\P13ContactUsForm.csproj", "{EFACF0D1-B3D6-4753-8B91-8940877EF15B}"
EndProject
Project("{FAE04EC0-301F-11D3-BF4B-00C04F79EFBC}") = "Lab", "Lab\Lab.csproj", "{439722DD-836D-4BD3-9AC8-54D4B708FF67}"
EndProject
Global
	GlobalSection(SolutionConfigurationPlatforms) = preSolution
		Debug|Any CPU = Debug|Any CPU
		Release|Any CPU = Release|Any CPU
	EndGlobalSection
	GlobalSection(ProjectConfigurationPlatforms) = postSolution
		{C9E8661F-DEDF-48CC-854C-82FB098B169D}.Debug|Any CPU.ActiveCfg = Debug|Any CPU
		{C9E8661F-DEDF-48CC-854C-82FB098B169D}.Debug|Any CPU.Build.0 = Debug|Any CPU
		{C9E8661F-DEDF-48CC-854C-82FB098B169D}.Release|Any CPU.ActiveCfg = Release|Any CPU
		{C9E8661F-DEDF-48CC-854C-82FB098B169D}.Release|Any CPU.Build.0 = Release|Any CPU
		{672990F0-4A53-4FEA-8F74-A8001BB6A1B5}.Debug|Any CPU.ActiveCfg = Debug|Any CPU
		{672990F0-4A53-4FEA-8F74-A8001BB6A1B5}.Debug|Any CPU.Build.0 = Debug|Any CPU
		{672990F0-4A53-4FEA-8F74-A8001BB6A1B5}.Release|Any CPU.ActiveCfg = Release|Any CPU
		{672990F0-4A53-4FEA-8F74-A8001BB6A1B5}.Release|Any CPU.Build.0 = Release|Any CPU
		{9B672D47-7241-45F0-BF5C-17D53AAA3D32}.Debug|Any CPU.ActiveCfg = Debug|Any CPU
		{9B672D47-7241-45F0-BF5C-17D53AAA3D32}.Debug|Any CPU.Build.0 = Debug|Any CPU
		{9B672D47-7241-45F0-BF5C-17D53AAA3D32}.Release|Any CPU.ActiveCfg = Release|Any CPU
		{9B672D47-7241-45F0-BF5C-17D53AAA3D32}.Release|Any CPU.Build.0 = Release|Any CPU
		{1C928F3B-755B-41C2-9A48-96937483580A}.Debug|Any CPU.ActiveCfg = Debug|Any CPU
		{1C928F3B-755B-41C2-9A48-96937483580A}.Debug|Any CPU.Build.0 = Debug|Any CPU
		{1C928F3B-755B-41C2-9A48-96937483580A}.Release|Any CPU.ActiveCfg = Release|Any CPU
		{1C928F3B-755B-41C2-9A48-96937483580A}.Release|Any CPU.Build.0 = Release|Any CPU
		{D87202C5-A28B-453C-BB99-F9649B355EE1}.Debug|Any CPU.ActiveCfg = Debug|Any CPU
		{D87202C5-A28B-453C-BB99-F9649B355EE1}.Debug|Any CPU.Build.0 = Debug|Any CPU
		{D87202C5-A28B-453C-BB99-F9649B355EE1}.Release|Any CPU.ActiveCfg = Release|Any CPU
		{D87202C5-A28B-453C-BB99-F9649B355EE1}.Release|Any CPU.Build.0 = Release|Any CPU
		{55BDA7D0-0642-4CAA-872F-B41DFD172BC5}.Debug|Any CPU.ActiveCfg = Debug|Any CPU
		{55BDA7D0-0642-4CAA-872F-B41DFD172BC5}.Debug|Any CPU.Build.0 = Debug|Any CPU
		{55BDA7D0-0642-4CAA-872F-B41DFD172BC5}.Release|Any CPU.ActiveCfg = Release|Any CPU
		{55BDA7D0-0642-4CAA-872F-B41DFD172BC5}.Release|Any CPU.Build.0 = Release|Any CPU
		{C01F4F61-B306-4177-933F-50C52022401C}.Debug|Any CPU.ActiveCfg = Debug|Any CPU
		{C01F4F61-B306-4177-933F-50C52022401C}.Debug|Any CPU.Build.0 = Debug|Any CPU
		{C01F4F61-B306-4177-933F-50C52022401C}.Release|Any CPU.ActiveCfg = Release|Any CPU
		{C01F4F61-B306-4177-933F-50C52022401C}.Release|Any CPU.Build.0 = Release|Any CPU
		{4E0E69C5-55CE-4502-B004-FFC163C22085}.Debug|Any CPU.ActiveCfg = Debug|Any CPU
		{4E0E69C5-55CE-4502-B004-FFC163C22085}.Debug|Any CPU.Build.0 = Debug|Any CPU
		{4E0E69C5-55CE-4502-B004-FFC163C22085}.Release|Any CPU.ActiveCfg = Release|Any CPU
		{4E0E69C5-55CE-4502-B004-FFC163C22085}.Release|Any CPU.Build.0 = Release|Any CPU
		{6547FE10-46A9-4A1A-AE06-3B2E48C77101}.Debug|Any CPU.ActiveCfg = Debug|Any CPU
		{6547FE10-46A9-4A1A-AE06-3B2E48C77101}.Debug|Any CPU.Build.0 = Debug|Any CPU
		{6547FE10-46A9-4A1A-AE06-3B2E48C77101}.Release|Any CPU.ActiveCfg = Release|Any CPU
		{6547FE10-46A9-4A1A-AE06-3B2E48C77101}.Release|Any CPU.Build.0 = Release|Any CPU
		{C2C3C178-6A4E-427F-8821-F8A981BB7EB8}.Debug|Any CPU.ActiveCfg = Debug|Any CPU
		{C2C3C178-6A4E-427F-8821-F8A981BB7EB8}.Debug|Any CPU.Build.0 = Debug|Any CPU
		{C2C3C178-6A4E-427F-8821-F8A981BB7EB8}.Release|Any CPU.ActiveCfg = Release|Any CPU
		{C2C3C178-6A4E-427F-8821-F8A981BB7EB8}.Release|Any CPU.Build.0 = Release|Any CPU
		{B23CAB0F-979A-4598-BA15-9E9D9CF992AE}.Debug|Any CPU.ActiveCfg = Debug|Any CPU
		{B23CAB0F-979A-4598-BA15-9E9D9CF992AE}.Debug|Any CPU.Build.0 = Debug|Any CPU
		{B23CAB0F-979A-4598-BA15-9E9D9CF992AE}.Release|Any CPU.ActiveCfg = Release|Any CPU
		{B23CAB0F-979A-4598-BA15-9E9D9CF992AE}.Release|Any CPU.Build.0 = Release|Any CPU
		{6B08FE88-D908-4754-A7CC-C190ADE92910}.Debug|Any CPU.ActiveCfg = Debug|Any CPU
		{6B08FE88-D908-4754-A7CC-C190ADE92910}.Debug|Any CPU.Build.0 = Debug|Any CPU
		{6B08FE88-D908-4754-A7CC-C190ADE92910}.Release|Any CPU.ActiveCfg = Release|Any CPU
		{6B08FE88-D908-4754-A7CC-C190ADE92910}.Release|Any CPU.Build.0 = Release|Any CPU
		{EFACF0D1-B3D6-4753-8B91-8940877EF15B}.Debug|Any CPU.ActiveCfg = Debug|Any CPU
		{EFACF0D1-B3D6-4753-8B91-8940877EF15B}.Debug|Any CPU.Build.0 = Debug|Any CPU
		{EFACF0D1-B3D6-4753-8B91-8940877EF15B}.Release|Any CPU.ActiveCfg = Release|Any CPU
		{EFACF0D1-B3D6-4753-8B91-8940877EF15B}.Release|Any CPU.Build.0 = Release|Any CPU
		{439722DD-836D-4BD3-9AC8-54D4B708FF67}.Debug|Any CPU.ActiveCfg = Debug|Any CPU
		{439722DD-836D-4BD3-9AC8-54D4B708FF67}.Debug|Any CPU.Build.0 = Debug|Any CPU
		{439722DD-836D-4BD3-9AC8-54D4B708FF67}.Release|Any CPU.ActiveCfg = Release|Any CPU
		{439722DD-836D-4BD3-9AC8-54D4B708FF67}.Release|Any CPU.Build.0 = Release|Any CPU
	EndGlobalSection
	GlobalSection(SolutionProperties) = preSolution
		HideSolutionNode = FALSE
	EndGlobalSection
EndGlobal
