
Microsoft Visual Studio Solution File, Format Version 12.00
# Visual Studio 15
VisualStudioVersion = 15.0.26430.6
MinimumVisualStudioVersion = 10.0.40219.1
Project("{FAE04EC0-301F-11D3-BF4B-00C04F79EFBC}") = "DoublyLinkedList", "DoublyLinkedList\DoublyLinkedList.csproj", "{2CB50F92-35AF-47E5-BA6F-02446AACD536}"
EndProject
Project("{FAE04EC0-301F-11D3-BF4B-00C04F79EFBC}") = "DoublyLinkedList.Tests", "DoublyLinkedList.Tests\DoublyLinkedList.Tests.csproj", "{D852AD35-E7FC-499B-A913-11479BB76674}"
EndProject
Project("{FAE04EC0-301F-11D3-BF4B-00C04F79EFBC}") = "SumAndAvarage", "SumAndAvarage\SumAndAvarage.csproj", "{D2D285C3-7D39-4C8D-8C60-713F24D70C41}"
EndProject
Project("{FAE04EC0-301F-11D3-BF4B-00C04F79EFBC}") = "SortWords", "SortWords\SortWords.csproj", "{05B6D513-B61C-4FF9-B4AD-F82372E572BA}"
EndProject
Project("{FAE04EC0-301F-11D3-BF4B-00C04F79EFBC}") = "LongestSubsequence", "LongestSubsequence\LongestSubsequence.csproj", "{87B1407D-8DF0-40E2-8A74-7F184EAB9BC5}"
EndProject
Project("{FAE04EC0-301F-11D3-BF4B-00C04F79EFBC}") = "RemoveOddOccurences", "RemoveOddOccurences\RemoveOddOccurences.csproj", "{6F9BFFCA-8AAB-4F08-8027-E1F57B2987BA}"
EndProject
Project("{FAE04EC0-301F-11D3-BF4B-00C04F79EFBC}") = "CountOfOccurrences", "CountOfOccurrences\CountOfOccurrences.csproj", "{CD7CECA1-B746-4E93-9225-AD50FCE6F5AD}"
EndProject
Project("{FAE04EC0-301F-11D3-BF4B-00C04F79EFBC}") = "DistanceInLabyrinth", "DistanceInLabyrinth\DistanceInLabyrinth.csproj", "{6CAF2816-EED8-42E8-8760-3F8404A93E68}"
EndProject
Global
	GlobalSection(SolutionConfigurationPlatforms) = preSolution
		Debug|Any CPU = Debug|Any CPU
		Release|Any CPU = Release|Any CPU
	EndGlobalSection
	GlobalSection(ProjectConfigurationPlatforms) = postSolution
		{2CB50F92-35AF-47E5-BA6F-02446AACD536}.Debug|Any CPU.ActiveCfg = Debug|Any CPU
		{2CB50F92-35AF-47E5-BA6F-02446AACD536}.Debug|Any CPU.Build.0 = Debug|Any CPU
		{2CB50F92-35AF-47E5-BA6F-02446AACD536}.Release|Any CPU.ActiveCfg = Release|Any CPU
		{2CB50F92-35AF-47E5-BA6F-02446AACD536}.Release|Any CPU.Build.0 = Release|Any CPU
		{D852AD35-E7FC-499B-A913-11479BB76674}.Debug|Any CPU.ActiveCfg = Debug|Any CPU
		{D852AD35-E7FC-499B-A913-11479BB76674}.Debug|Any CPU.Build.0 = Debug|Any CPU
		{D852AD35-E7FC-499B-A913-11479BB76674}.Release|Any CPU.ActiveCfg = Release|Any CPU
		{D852AD35-E7FC-499B-A913-11479BB76674}.Release|Any CPU.Build.0 = Release|Any CPU
		{D2D285C3-7D39-4C8D-8C60-713F24D70C41}.Debug|Any CPU.ActiveCfg = Debug|Any CPU
		{D2D285C3-7D39-4C8D-8C60-713F24D70C41}.Debug|Any CPU.Build.0 = Debug|Any CPU
		{D2D285C3-7D39-4C8D-8C60-713F24D70C41}.Release|Any CPU.ActiveCfg = Release|Any CPU
		{D2D285C3-7D39-4C8D-8C60-713F24D70C41}.Release|Any CPU.Build.0 = Release|Any CPU
		{05B6D513-B61C-4FF9-B4AD-F82372E572BA}.Debug|Any CPU.ActiveCfg = Debug|Any CPU
		{05B6D513-B61C-4FF9-B4AD-F82372E572BA}.Debug|Any CPU.Build.0 = Debug|Any CPU
		{05B6D513-B61C-4FF9-B4AD-F82372E572BA}.Release|Any CPU.ActiveCfg = Release|Any CPU
		{05B6D513-B61C-4FF9-B4AD-F82372E572BA}.Release|Any CPU.Build.0 = Release|Any CPU
		{87B1407D-8DF0-40E2-8A74-7F184EAB9BC5}.Debug|Any CPU.ActiveCfg = Debug|Any CPU
		{87B1407D-8DF0-40E2-8A74-7F184EAB9BC5}.Debug|Any CPU.Build.0 = Debug|Any CPU
		{87B1407D-8DF0-40E2-8A74-7F184EAB9BC5}.Release|Any CPU.ActiveCfg = Release|Any CPU
		{87B1407D-8DF0-40E2-8A74-7F184EAB9BC5}.Release|Any CPU.Build.0 = Release|Any CPU
		{6F9BFFCA-8AAB-4F08-8027-E1F57B2987BA}.Debug|Any CPU.ActiveCfg = Debug|Any CPU
		{6F9BFFCA-8AAB-4F08-8027-E1F57B2987BA}.Debug|Any CPU.Build.0 = Debug|Any CPU
		{6F9BFFCA-8AAB-4F08-8027-E1F57B2987BA}.Release|Any CPU.ActiveCfg = Release|Any CPU
		{6F9BFFCA-8AAB-4F08-8027-E1F57B2987BA}.Release|Any CPU.Build.0 = Release|Any CPU
		{CD7CECA1-B746-4E93-9225-AD50FCE6F5AD}.Debug|Any CPU.ActiveCfg = Debug|Any CPU
		{CD7CECA1-B746-4E93-9225-AD50FCE6F5AD}.Debug|Any CPU.Build.0 = Debug|Any CPU
		{CD7CECA1-B746-4E93-9225-AD50FCE6F5AD}.Release|Any CPU.ActiveCfg = Release|Any CPU
		{CD7CECA1-B746-4E93-9225-AD50FCE6F5AD}.Release|Any CPU.Build.0 = Release|Any CPU
		{6CAF2816-EED8-42E8-8760-3F8404A93E68}.Debug|Any CPU.ActiveCfg = Debug|Any CPU
		{6CAF2816-EED8-42E8-8760-3F8404A93E68}.Debug|Any CPU.Build.0 = Debug|Any CPU
		{6CAF2816-EED8-42E8-8760-3F8404A93E68}.Release|Any CPU.ActiveCfg = Release|Any CPU
		{6CAF2816-EED8-42E8-8760-3F8404A93E68}.Release|Any CPU.Build.0 = Release|Any CPU
	EndGlobalSection
	GlobalSection(SolutionProperties) = preSolution
		HideSolutionNode = FALSE
	EndGlobalSection
EndGlobal
