
Microsoft Visual Studio Solution File, Format Version 12.00
# Visual Studio 15
VisualStudioVersion = 15.0.26430.14
MinimumVisualStudioVersion = 10.0.40219.1
Project("{FAE04EC0-301F-11D3-BF4B-00C04F79EFBC}") = "P01RecursiveArraySum", "P01RecursiveArraySum\P01RecursiveArraySum.csproj", "{606CE627-673A-4CD4-B8CA-1F528809143D}"
EndProject
Project("{FAE04EC0-301F-11D3-BF4B-00C04F79EFBC}") = "P02RecursiveFactorial", "P02RecursiveFactorial\P02RecursiveFactorial.csproj", "{56DF9366-8A66-47F6-8550-5301961FA513}"
EndProject
Project("{FAE04EC0-301F-11D3-BF4B-00C04F79EFBC}") = "P03RecursiveDrawing", "P03RecursiveDrawing\P03RecursiveDrawing.csproj", "{0EEAB85E-63B6-4CA1-AFED-FF069FFABF4F}"
EndProject
Project("{FAE04EC0-301F-11D3-BF4B-00C04F79EFBC}") = "P04Generating0_1Vectors", "P04Generating0_1Vectors\P04Generating0_1Vectors.csproj", "{C4DCC3EE-B4EF-4BCB-A87B-21C78D5D363E}"
EndProject
Project("{FAE04EC0-301F-11D3-BF4B-00C04F79EFBC}") = "P05GeneratingCombinations", "P05GeneratingCombinations\P05GeneratingCombinations.csproj", "{D9F0F5C9-F948-461D-AFF3-E858C64EE712}"
EndProject
Project("{FAE04EC0-301F-11D3-BF4B-00C04F79EFBC}") = "P08QueensPuzzle", "P08QueensPuzzle\P08QueensPuzzle.csproj", "{7AF50BE8-0162-49F8-914A-0AF935173644}"
EndProject
Project("{FAE04EC0-301F-11D3-BF4B-00C04F79EFBC}") = "P02NestedLoopsToRecursion", "P02NestedLoopsToRecursion\P02NestedLoopsToRecursion.csproj", "{4A6DCC52-87C3-4908-A0D2-6D6DBD4C4A00}"
EndProject
Project("{FAE04EC0-301F-11D3-BF4B-00C04F79EFBC}") = "P01ReverseArray", "P01ReverseArray\P01ReverseArray.csproj", "{E75A6220-69B0-49AA-8750-A5A559B80B99}"
EndProject
Project("{FAE04EC0-301F-11D3-BF4B-00C04F79EFBC}") = "P09PathsInLabyrinth", "P09PathsInLabyrinth\P09PathsInLabyrinth.csproj", "{8A1EE6D9-0EA3-46E2-8356-CE2242835056}"
EndProject
Project("{FAE04EC0-301F-11D3-BF4B-00C04F79EFBC}") = "P03CombinationsWithRepetition", "P03CombinationsWithRepetition\P03CombinationsWithRepetition.csproj", "{BE0183F1-0895-43F5-BE6C-1EA778C25FC0}"
EndProject
Project("{FAE04EC0-301F-11D3-BF4B-00C04F79EFBC}") = "P04TowerOfHanoi", "P04TowerOfHanoi\P04TowerOfHanoi.csproj", "{B9F90B3B-6316-49FA-8FAD-48A5525BAC9E}"
EndProject
Global
	GlobalSection(SolutionConfigurationPlatforms) = preSolution
		Debug|Any CPU = Debug|Any CPU
		Release|Any CPU = Release|Any CPU
	EndGlobalSection
	GlobalSection(ProjectConfigurationPlatforms) = postSolution
		{606CE627-673A-4CD4-B8CA-1F528809143D}.Debug|Any CPU.ActiveCfg = Debug|Any CPU
		{606CE627-673A-4CD4-B8CA-1F528809143D}.Debug|Any CPU.Build.0 = Debug|Any CPU
		{606CE627-673A-4CD4-B8CA-1F528809143D}.Release|Any CPU.ActiveCfg = Release|Any CPU
		{606CE627-673A-4CD4-B8CA-1F528809143D}.Release|Any CPU.Build.0 = Release|Any CPU
		{56DF9366-8A66-47F6-8550-5301961FA513}.Debug|Any CPU.ActiveCfg = Debug|Any CPU
		{56DF9366-8A66-47F6-8550-5301961FA513}.Debug|Any CPU.Build.0 = Debug|Any CPU
		{56DF9366-8A66-47F6-8550-5301961FA513}.Release|Any CPU.ActiveCfg = Release|Any CPU
		{56DF9366-8A66-47F6-8550-5301961FA513}.Release|Any CPU.Build.0 = Release|Any CPU
		{0EEAB85E-63B6-4CA1-AFED-FF069FFABF4F}.Debug|Any CPU.ActiveCfg = Debug|Any CPU
		{0EEAB85E-63B6-4CA1-AFED-FF069FFABF4F}.Debug|Any CPU.Build.0 = Debug|Any CPU
		{0EEAB85E-63B6-4CA1-AFED-FF069FFABF4F}.Release|Any CPU.ActiveCfg = Release|Any CPU
		{0EEAB85E-63B6-4CA1-AFED-FF069FFABF4F}.Release|Any CPU.Build.0 = Release|Any CPU
		{C4DCC3EE-B4EF-4BCB-A87B-21C78D5D363E}.Debug|Any CPU.ActiveCfg = Debug|Any CPU
		{C4DCC3EE-B4EF-4BCB-A87B-21C78D5D363E}.Debug|Any CPU.Build.0 = Debug|Any CPU
		{C4DCC3EE-B4EF-4BCB-A87B-21C78D5D363E}.Release|Any CPU.ActiveCfg = Release|Any CPU
		{C4DCC3EE-B4EF-4BCB-A87B-21C78D5D363E}.Release|Any CPU.Build.0 = Release|Any CPU
		{D9F0F5C9-F948-461D-AFF3-E858C64EE712}.Debug|Any CPU.ActiveCfg = Debug|Any CPU
		{D9F0F5C9-F948-461D-AFF3-E858C64EE712}.Debug|Any CPU.Build.0 = Debug|Any CPU
		{D9F0F5C9-F948-461D-AFF3-E858C64EE712}.Release|Any CPU.ActiveCfg = Release|Any CPU
		{D9F0F5C9-F948-461D-AFF3-E858C64EE712}.Release|Any CPU.Build.0 = Release|Any CPU
		{7AF50BE8-0162-49F8-914A-0AF935173644}.Debug|Any CPU.ActiveCfg = Debug|Any CPU
		{7AF50BE8-0162-49F8-914A-0AF935173644}.Debug|Any CPU.Build.0 = Debug|Any CPU
		{7AF50BE8-0162-49F8-914A-0AF935173644}.Release|Any CPU.ActiveCfg = Release|Any CPU
		{7AF50BE8-0162-49F8-914A-0AF935173644}.Release|Any CPU.Build.0 = Release|Any CPU
		{4A6DCC52-87C3-4908-A0D2-6D6DBD4C4A00}.Debug|Any CPU.ActiveCfg = Debug|Any CPU
		{4A6DCC52-87C3-4908-A0D2-6D6DBD4C4A00}.Debug|Any CPU.Build.0 = Debug|Any CPU
		{4A6DCC52-87C3-4908-A0D2-6D6DBD4C4A00}.Release|Any CPU.ActiveCfg = Release|Any CPU
		{4A6DCC52-87C3-4908-A0D2-6D6DBD4C4A00}.Release|Any CPU.Build.0 = Release|Any CPU
		{E75A6220-69B0-49AA-8750-A5A559B80B99}.Debug|Any CPU.ActiveCfg = Debug|Any CPU
		{E75A6220-69B0-49AA-8750-A5A559B80B99}.Debug|Any CPU.Build.0 = Debug|Any CPU
		{E75A6220-69B0-49AA-8750-A5A559B80B99}.Release|Any CPU.ActiveCfg = Release|Any CPU
		{E75A6220-69B0-49AA-8750-A5A559B80B99}.Release|Any CPU.Build.0 = Release|Any CPU
		{8A1EE6D9-0EA3-46E2-8356-CE2242835056}.Debug|Any CPU.ActiveCfg = Debug|Any CPU
		{8A1EE6D9-0EA3-46E2-8356-CE2242835056}.Debug|Any CPU.Build.0 = Debug|Any CPU
		{8A1EE6D9-0EA3-46E2-8356-CE2242835056}.Release|Any CPU.ActiveCfg = Release|Any CPU
		{8A1EE6D9-0EA3-46E2-8356-CE2242835056}.Release|Any CPU.Build.0 = Release|Any CPU
		{BE0183F1-0895-43F5-BE6C-1EA778C25FC0}.Debug|Any CPU.ActiveCfg = Debug|Any CPU
		{BE0183F1-0895-43F5-BE6C-1EA778C25FC0}.Debug|Any CPU.Build.0 = Debug|Any CPU
		{BE0183F1-0895-43F5-BE6C-1EA778C25FC0}.Release|Any CPU.ActiveCfg = Release|Any CPU
		{BE0183F1-0895-43F5-BE6C-1EA778C25FC0}.Release|Any CPU.Build.0 = Release|Any CPU
		{B9F90B3B-6316-49FA-8FAD-48A5525BAC9E}.Debug|Any CPU.ActiveCfg = Debug|Any CPU
		{B9F90B3B-6316-49FA-8FAD-48A5525BAC9E}.Debug|Any CPU.Build.0 = Debug|Any CPU
		{B9F90B3B-6316-49FA-8FAD-48A5525BAC9E}.Release|Any CPU.ActiveCfg = Release|Any CPU
		{B9F90B3B-6316-49FA-8FAD-48A5525BAC9E}.Release|Any CPU.Build.0 = Release|Any CPU
	EndGlobalSection
	GlobalSection(SolutionProperties) = preSolution
		HideSolutionNode = FALSE
	EndGlobalSection
EndGlobal
